
Microsoft Visual Studio Solution File, Format Version 12.00
# Visual Studio 14
VisualStudioVersion = 14.0.25420.1
MinimumVisualStudioVersion = 10.0.40219.1
Project("{FAE04EC0-301F-11D3-BF4B-00C04F79EFBC}") = "Website", "Website\Website.csproj", "{6F7652B2-D765-4D62-840A-A2D0DE011544}"
EndProject
Project("{00D1A9C2-B5F0-4AF3-8072-F6C62B433612}") = "WebsiteDatabase", "WebsiteDatabase\WebsiteDatabase.sqlproj", "{2B7C97AA-91FF-46B3-800A-36A29901B1A2}"
EndProject
Project("{FAE04EC0-301F-11D3-BF4B-00C04F79EFBC}") = "WebsiteService", "WebsiteService\WebsiteService.csproj", "{44324B31-EDC9-4D70-B780-9E1ADD2994F4}"
EndProject
Project("{FAE04EC0-301F-11D3-BF4B-00C04F79EFBC}") = "WebsiteDomain", "WebsiteDomain\WebsiteDomain.csproj", "{CCD7833A-526D-4880-8745-89844FECB485}"
EndProject
Global
	GlobalSection(SolutionConfigurationPlatforms) = preSolution
		Debug|Any CPU = Debug|Any CPU
		Release|Any CPU = Release|Any CPU
	EndGlobalSection
	GlobalSection(ProjectConfigurationPlatforms) = postSolution
		{6F7652B2-D765-4D62-840A-A2D0DE011544}.Debug|Any CPU.ActiveCfg = Debug|Any CPU
		{6F7652B2-D765-4D62-840A-A2D0DE011544}.Debug|Any CPU.Build.0 = Debug|Any CPU
		{6F7652B2-D765-4D62-840A-A2D0DE011544}.Release|Any CPU.ActiveCfg = Release|Any CPU
		{6F7652B2-D765-4D62-840A-A2D0DE011544}.Release|Any CPU.Build.0 = Release|Any CPU
		{2B7C97AA-91FF-46B3-800A-36A29901B1A2}.Debug|Any CPU.ActiveCfg = Debug|Any CPU
		{2B7C97AA-91FF-46B3-800A-36A29901B1A2}.Debug|Any CPU.Build.0 = Debug|Any CPU
		{2B7C97AA-91FF-46B3-800A-36A29901B1A2}.Debug|Any CPU.Deploy.0 = Debug|Any CPU
		{2B7C97AA-91FF-46B3-800A-36A29901B1A2}.Release|Any CPU.ActiveCfg = Release|Any CPU
		{2B7C97AA-91FF-46B3-800A-36A29901B1A2}.Release|Any CPU.Build.0 = Release|Any CPU
		{2B7C97AA-91FF-46B3-800A-36A29901B1A2}.Release|Any CPU.Deploy.0 = Release|Any CPU
		{44324B31-EDC9-4D70-B780-9E1ADD2994F4}.Debug|Any CPU.ActiveCfg = Debug|Any CPU
		{44324B31-EDC9-4D70-B780-9E1ADD2994F4}.Debug|Any CPU.Build.0 = Debug|Any CPU
		{44324B31-EDC9-4D70-B780-9E1ADD2994F4}.Release|Any CPU.ActiveCfg = Release|Any CPU
		{44324B31-EDC9-4D70-B780-9E1ADD2994F4}.Release|Any CPU.Build.0 = Release|Any CPU
		{CCD7833A-526D-4880-8745-89844FECB485}.Debug|Any CPU.ActiveCfg = Debug|Any CPU
		{CCD7833A-526D-4880-8745-89844FECB485}.Debug|Any CPU.Build.0 = Debug|Any CPU
		{CCD7833A-526D-4880-8745-89844FECB485}.Release|Any CPU.ActiveCfg = Release|Any CPU
		{CCD7833A-526D-4880-8745-89844FECB485}.Release|Any CPU.Build.0 = Release|Any CPU
	EndGlobalSection
	GlobalSection(SolutionProperties) = preSolution
		HideSolutionNode = FALSE
	EndGlobalSection
EndGlobal
